// !$*UTF8*$!
{
	archiveVersion = 1;
	classes = {
	};
	objectVersion = 51;
	objects = {

/* Begin PBXBuildFile section */
		362985102AEAA7189DE95D7C /* Pods_Adam_20190709_U17UITests.framework in Frameworks */ = {isa = PBXBuildFile; fileRef = 67E2974069FEE9E0948044E0 /* Pods_Adam_20190709_U17UITests.framework */; };
		7AB97F6622D464610079013B /* AppDelegate.swift in Sources */ = {isa = PBXBuildFile; fileRef = 7AB97F6522D464610079013B /* AppDelegate.swift */; };
		7AB97F6822D464610079013B /* ViewController.swift in Sources */ = {isa = PBXBuildFile; fileRef = 7AB97F6722D464610079013B /* ViewController.swift */; };
		7AB97F6B22D464610079013B /* Main.storyboard in Resources */ = {isa = PBXBuildFile; fileRef = 7AB97F6922D464610079013B /* Main.storyboard */; };
		7AB97F6E22D464610079013B /* Adam_20190709_U17.xcdatamodeld in Sources */ = {isa = PBXBuildFile; fileRef = 7AB97F6C22D464610079013B /* Adam_20190709_U17.xcdatamodeld */; };
		7AB97F7022D464630079013B /* Assets.xcassets in Resources */ = {isa = PBXBuildFile; fileRef = 7AB97F6F22D464630079013B /* Assets.xcassets */; };
		7AB97F7322D464630079013B /* LaunchScreen.storyboard in Resources */ = {isa = PBXBuildFile; fileRef = 7AB97F7122D464630079013B /* LaunchScreen.storyboard */; };
		7AB97F7E22D464630079013B /* Adam_20190709_U17Tests.swift in Sources */ = {isa = PBXBuildFile; fileRef = 7AB97F7D22D464630079013B /* Adam_20190709_U17Tests.swift */; };
		7AB97F8922D464630079013B /* Adam_20190709_U17UITests.swift in Sources */ = {isa = PBXBuildFile; fileRef = 7AB97F8822D464630079013B /* Adam_20190709_U17UITests.swift */; };
		7AB97F9B22D467400079013B /* HYAPI.swift in Sources */ = {isa = PBXBuildFile; fileRef = 7AB97F9A22D467400079013B /* HYAPI.swift */; };
		7AB97FB122D4675B0079013B /* Global.swift in Sources */ = {isa = PBXBuildFile; fileRef = 7AB97F9E22D4675A0079013B /* Global.swift */; };
		7AB97FB322D4675B0079013B /* UHairPowder.swift in Sources */ = {isa = PBXBuildFile; fileRef = 7AB97FA222D4675A0079013B /* UHairPowder.swift */; };
		7AB97FB422D4675B0079013B /* UModel.swift in Sources */ = {isa = PBXBuildFile; fileRef = 7AB97FA422D4675A0079013B /* UModel.swift */; };
		7AB97FB522D4675B0079013B /* UNoticeBar.swift in Sources */ = {isa = PBXBuildFile; fileRef = 7AB97FA622D4675A0079013B /* UNoticeBar.swift */; };
		7AB97FB622D4675B0079013B /* ArrayExtensions.swift in Sources */ = {isa = PBXBuildFile; fileRef = 7AB97FA822D4675B0079013B /* ArrayExtensions.swift */; };
		7AB97FB722D4675B0079013B /* UIColorExtension.swift in Sources */ = {isa = PBXBuildFile; fileRef = 7AB97FA922D4675B0079013B /* UIColorExtension.swift */; };
		7AB97FB822D4675B0079013B /* UIViewExtension.swift in Sources */ = {isa = PBXBuildFile; fileRef = 7AB97FAA22D4675B0079013B /* UIViewExtension.swift */; };
		7AB97FB922D4675B0079013B /* UIBarButtonItemExtension.swift in Sources */ = {isa = PBXBuildFile; fileRef = 7AB97FAB22D4675B0079013B /* UIBarButtonItemExtension.swift */; };
		7AB97FBA22D4675B0079013B /* UIDeviceExtension.swift in Sources */ = {isa = PBXBuildFile; fileRef = 7AB97FAC22D4675B0079013B /* UIDeviceExtension.swift */; };
		7AB97FBB22D4675B0079013B /* UIImageExtensions.swift in Sources */ = {isa = PBXBuildFile; fileRef = 7AB97FAD22D4675B0079013B /* UIImageExtensions.swift */; };
		7AB97FBC22D4675B0079013B /* DispatchQueueExtension.swift in Sources */ = {isa = PBXBuildFile; fileRef = 7AB97FAE22D4675B0079013B /* DispatchQueueExtension.swift */; };
		7AB97FBD22D4675B0079013B /* StringExtension.swift in Sources */ = {isa = PBXBuildFile; fileRef = 7AB97FAF22D4675B0079013B /* StringExtension.swift */; };
		7AB97FBE22D4675B0079013B /* DictionaryExtension.swift in Sources */ = {isa = PBXBuildFile; fileRef = 7AB97FB022D4675B0079013B /* DictionaryExtension.swift */; };
		7AB97FC122D46A5C0079013B /* UCollectionViewAlignedLayout.swift in Sources */ = {isa = PBXBuildFile; fileRef = 7AB97FC022D46A5C0079013B /* UCollectionViewAlignedLayout.swift */; };
		7AB97FC322D480B70079013B /* UCollectionViewSectionBackgroundLayoutLayout.swift in Sources */ = {isa = PBXBuildFile; fileRef = 7AB97FC222D480B70079013B /* UCollectionViewSectionBackgroundLayoutLayout.swift */; };
		7AB97FC622D5C72D0079013B /* URefresh.swift in Sources */ = {isa = PBXBuildFile; fileRef = 7AB97FC522D5C72D0079013B /* URefresh.swift */; };
		7AB97FC922D5CC170079013B /* UEmptyDataSet.swift in Sources */ = {isa = PBXBuildFile; fileRef = 7AB97FC822D5CC170079013B /* UEmptyDataSet.swift */; };
		7AB97FCD22D5D36C0079013B /* ParallaxHeaderMode.swift in Sources */ = {isa = PBXBuildFile; fileRef = 7AB97FCC22D5D36C0079013B /* ParallaxHeaderMode.swift */; };
		7AB97FCF22D5D3CE0079013B /* UIScrollView+ParallaxHeader.swift in Sources */ = {isa = PBXBuildFile; fileRef = 7AB97FCE22D5D3CE0079013B /* UIScrollView+ParallaxHeader.swift */; };
		7AB97FD122D5D4750079013B /* ParallaxHeader.swift in Sources */ = {isa = PBXBuildFile; fileRef = 7AB97FD022D5D4750079013B /* ParallaxHeader.swift */; };
		96E433C6E8CF915C140DD95E /* Pods_Adam_20190709_U17Tests.framework in Frameworks */ = {isa = PBXBuildFile; fileRef = 0AE49871A452F8A3485BE17C /* Pods_Adam_20190709_U17Tests.framework */; };
		BCCABD8B10150A42309FFDFA /* Pods_Adam_20190709_U17.framework in Frameworks */ = {isa = PBXBuildFile; fileRef = 5C097D29720AE99E77C669F9 /* Pods_Adam_20190709_U17.framework */; };
/* End PBXBuildFile section */

/* Begin PBXContainerItemProxy section */
		7AB97F7A22D464630079013B /* PBXContainerItemProxy */ = {
			isa = PBXContainerItemProxy;
			containerPortal = 7AB97F5A22D464610079013B /* Project object */;
			proxyType = 1;
			remoteGlobalIDString = 7AB97F6122D464610079013B;
			remoteInfo = Adam_20190709_U17;
		};
		7AB97F8522D464630079013B /* PBXContainerItemProxy */ = {
			isa = PBXContainerItemProxy;
			containerPortal = 7AB97F5A22D464610079013B /* Project object */;
			proxyType = 1;
			remoteGlobalIDString = 7AB97F6122D464610079013B;
			remoteInfo = Adam_20190709_U17;
		};
/* End PBXContainerItemProxy section */

/* Begin PBXFileReference section */
		020F4B0C8AFEB4A089C7844E /* Pods-Adam_20190709_U17.debug.xcconfig */ = {isa = PBXFileReference; includeInIndex = 1; lastKnownFileType = text.xcconfig; name = "Pods-Adam_20190709_U17.debug.xcconfig"; path = "Target Support Files/Pods-Adam_20190709_U17/Pods-Adam_20190709_U17.debug.xcconfig"; sourceTree = "<group>"; };
		0AE49871A452F8A3485BE17C /* Pods_Adam_20190709_U17Tests.framework */ = {isa = PBXFileReference; explicitFileType = wrapper.framework; includeInIndex = 0; path = Pods_Adam_20190709_U17Tests.framework; sourceTree = BUILT_PRODUCTS_DIR; };
		5C097D29720AE99E77C669F9 /* Pods_Adam_20190709_U17.framework */ = {isa = PBXFileReference; explicitFileType = wrapper.framework; includeInIndex = 0; path = Pods_Adam_20190709_U17.framework; sourceTree = BUILT_PRODUCTS_DIR; };
		67E2974069FEE9E0948044E0 /* Pods_Adam_20190709_U17UITests.framework */ = {isa = PBXFileReference; explicitFileType = wrapper.framework; includeInIndex = 0; path = Pods_Adam_20190709_U17UITests.framework; sourceTree = BUILT_PRODUCTS_DIR; };
		7AB97F6222D464610079013B /* Adam_20190709_U17.app */ = {isa = PBXFileReference; explicitFileType = wrapper.application; includeInIndex = 0; path = Adam_20190709_U17.app; sourceTree = BUILT_PRODUCTS_DIR; };
		7AB97F6522D464610079013B /* AppDelegate.swift */ = {isa = PBXFileReference; lastKnownFileType = sourcecode.swift; path = AppDelegate.swift; sourceTree = "<group>"; };
		7AB97F6722D464610079013B /* ViewController.swift */ = {isa = PBXFileReference; lastKnownFileType = sourcecode.swift; path = ViewController.swift; sourceTree = "<group>"; };
		7AB97F6A22D464610079013B /* Base */ = {isa = PBXFileReference; lastKnownFileType = file.storyboard; name = Base; path = Base.lproj/Main.storyboard; sourceTree = "<group>"; };
		7AB97F6D22D464610079013B /* Adam_20190709_U17.xcdatamodel */ = {isa = PBXFileReference; lastKnownFileType = wrapper.xcdatamodel; path = Adam_20190709_U17.xcdatamodel; sourceTree = "<group>"; };
		7AB97F6F22D464630079013B /* Assets.xcassets */ = {isa = PBXFileReference; lastKnownFileType = folder.assetcatalog; path = Assets.xcassets; sourceTree = "<group>"; };
		7AB97F7222D464630079013B /* Base */ = {isa = PBXFileReference; lastKnownFileType = file.storyboard; name = Base; path = Base.lproj/LaunchScreen.storyboard; sourceTree = "<group>"; };
		7AB97F7422D464630079013B /* Info.plist */ = {isa = PBXFileReference; lastKnownFileType = text.plist.xml; path = Info.plist; sourceTree = "<group>"; };
		7AB97F7922D464630079013B /* Adam_20190709_U17Tests.xctest */ = {isa = PBXFileReference; explicitFileType = wrapper.cfbundle; includeInIndex = 0; path = Adam_20190709_U17Tests.xctest; sourceTree = BUILT_PRODUCTS_DIR; };
		7AB97F7D22D464630079013B /* Adam_20190709_U17Tests.swift */ = {isa = PBXFileReference; lastKnownFileType = sourcecode.swift; path = Adam_20190709_U17Tests.swift; sourceTree = "<group>"; };
		7AB97F7F22D464630079013B /* Info.plist */ = {isa = PBXFileReference; lastKnownFileType = text.plist.xml; path = Info.plist; sourceTree = "<group>"; };
		7AB97F8422D464630079013B /* Adam_20190709_U17UITests.xctest */ = {isa = PBXFileReference; explicitFileType = wrapper.cfbundle; includeInIndex = 0; path = Adam_20190709_U17UITests.xctest; sourceTree = BUILT_PRODUCTS_DIR; };
		7AB97F8822D464630079013B /* Adam_20190709_U17UITests.swift */ = {isa = PBXFileReference; lastKnownFileType = sourcecode.swift; path = Adam_20190709_U17UITests.swift; sourceTree = "<group>"; };
		7AB97F8A22D464630079013B /* Info.plist */ = {isa = PBXFileReference; lastKnownFileType = text.plist.xml; path = Info.plist; sourceTree = "<group>"; };
		7AB97F9A22D467400079013B /* HYAPI.swift */ = {isa = PBXFileReference; fileEncoding = 4; lastKnownFileType = sourcecode.swift; path = HYAPI.swift; sourceTree = "<group>"; };
		7AB97F9E22D4675A0079013B /* Global.swift */ = {isa = PBXFileReference; fileEncoding = 4; lastKnownFileType = sourcecode.swift; path = Global.swift; sourceTree = "<group>"; };
		7AB97FA222D4675A0079013B /* UHairPowder.swift */ = {isa = PBXFileReference; fileEncoding = 4; lastKnownFileType = sourcecode.swift; path = UHairPowder.swift; sourceTree = "<group>"; };
		7AB97FA422D4675A0079013B /* UModel.swift */ = {isa = PBXFileReference; fileEncoding = 4; lastKnownFileType = sourcecode.swift; name = UModel.swift; path = ../../Model/UModel.swift; sourceTree = "<group>"; };
		7AB97FA622D4675A0079013B /* UNoticeBar.swift */ = {isa = PBXFileReference; fileEncoding = 4; lastKnownFileType = sourcecode.swift; path = UNoticeBar.swift; sourceTree = "<group>"; };
		7AB97FA822D4675B0079013B /* ArrayExtensions.swift */ = {isa = PBXFileReference; fileEncoding = 4; lastKnownFileType = sourcecode.swift; path = ArrayExtensions.swift; sourceTree = "<group>"; };
		7AB97FA922D4675B0079013B /* UIColorExtension.swift */ = {isa = PBXFileReference; fileEncoding = 4; lastKnownFileType = sourcecode.swift; path = UIColorExtension.swift; sourceTree = "<group>"; };
		7AB97FAA22D4675B0079013B /* UIViewExtension.swift */ = {isa = PBXFileReference; fileEncoding = 4; lastKnownFileType = sourcecode.swift; path = UIViewExtension.swift; sourceTree = "<group>"; };
		7AB97FAB22D4675B0079013B /* UIBarButtonItemExtension.swift */ = {isa = PBXFileReference; fileEncoding = 4; lastKnownFileType = sourcecode.swift; path = UIBarButtonItemExtension.swift; sourceTree = "<group>"; };
		7AB97FAC22D4675B0079013B /* UIDeviceExtension.swift */ = {isa = PBXFileReference; fileEncoding = 4; lastKnownFileType = sourcecode.swift; path = UIDeviceExtension.swift; sourceTree = "<group>"; };
		7AB97FAD22D4675B0079013B /* UIImageExtensions.swift */ = {isa = PBXFileReference; fileEncoding = 4; lastKnownFileType = sourcecode.swift; path = UIImageExtensions.swift; sourceTree = "<group>"; };
		7AB97FAE22D4675B0079013B /* DispatchQueueExtension.swift */ = {isa = PBXFileReference; fileEncoding = 4; lastKnownFileType = sourcecode.swift; path = DispatchQueueExtension.swift; sourceTree = "<group>"; };
		7AB97FAF22D4675B0079013B /* StringExtension.swift */ = {isa = PBXFileReference; fileEncoding = 4; lastKnownFileType = sourcecode.swift; path = StringExtension.swift; sourceTree = "<group>"; };
		7AB97FB022D4675B0079013B /* DictionaryExtension.swift */ = {isa = PBXFileReference; fileEncoding = 4; lastKnownFileType = sourcecode.swift; path = DictionaryExtension.swift; sourceTree = "<group>"; };
		7AB97FC022D46A5C0079013B /* UCollectionViewAlignedLayout.swift */ = {isa = PBXFileReference; lastKnownFileType = sourcecode.swift; path = UCollectionViewAlignedLayout.swift; sourceTree = "<group>"; };
		7AB97FC222D480B70079013B /* UCollectionViewSectionBackgroundLayoutLayout.swift */ = {isa = PBXFileReference; lastKnownFileType = sourcecode.swift; path = UCollectionViewSectionBackgroundLayoutLayout.swift; sourceTree = "<group>"; };
		7AB97FC522D5C72D0079013B /* URefresh.swift */ = {isa = PBXFileReference; lastKnownFileType = sourcecode.swift; path = URefresh.swift; sourceTree = "<group>"; };
		7AB97FC822D5CC170079013B /* UEmptyDataSet.swift */ = {isa = PBXFileReference; lastKnownFileType = sourcecode.swift; path = UEmptyDataSet.swift; sourceTree = "<group>"; };
		7AB97FCC22D5D36C0079013B /* ParallaxHeaderMode.swift */ = {isa = PBXFileReference; lastKnownFileType = sourcecode.swift; path = ParallaxHeaderMode.swift; sourceTree = "<group>"; };
		7AB97FCE22D5D3CE0079013B /* UIScrollView+ParallaxHeader.swift */ = {isa = PBXFileReference; lastKnownFileType = sourcecode.swift; path = "UIScrollView+ParallaxHeader.swift"; sourceTree = "<group>"; };
		7AB97FD022D5D4750079013B /* ParallaxHeader.swift */ = {isa = PBXFileReference; lastKnownFileType = sourcecode.swift; path = ParallaxHeader.swift; sourceTree = "<group>"; };
		AB52CB99CCE87CD778A292CD /* Pods-Adam_20190709_U17Tests.debug.xcconfig */ = {isa = PBXFileReference; includeInIndex = 1; lastKnownFileType = text.xcconfig; name = "Pods-Adam_20190709_U17Tests.debug.xcconfig"; path = "Target Support Files/Pods-Adam_20190709_U17Tests/Pods-Adam_20190709_U17Tests.debug.xcconfig"; sourceTree = "<group>"; };
		AD091536EA300B5F8580F684 /* Pods-Adam_20190709_U17UITests.release.xcconfig */ = {isa = PBXFileReference; includeInIndex = 1; lastKnownFileType = text.xcconfig; name = "Pods-Adam_20190709_U17UITests.release.xcconfig"; path = "Target Support Files/Pods-Adam_20190709_U17UITests/Pods-Adam_20190709_U17UITests.release.xcconfig"; sourceTree = "<group>"; };
		E6E7B6495F8B7A0FE0E40CDA /* Pods-Adam_20190709_U17.release.xcconfig */ = {isa = PBXFileReference; includeInIndex = 1; lastKnownFileType = text.xcconfig; name = "Pods-Adam_20190709_U17.release.xcconfig"; path = "Target Support Files/Pods-Adam_20190709_U17/Pods-Adam_20190709_U17.release.xcconfig"; sourceTree = "<group>"; };
		F1DD670A025CD5B6100FE2C9 /* Pods-Adam_20190709_U17Tests.release.xcconfig */ = {isa = PBXFileReference; includeInIndex = 1; lastKnownFileType = text.xcconfig; name = "Pods-Adam_20190709_U17Tests.release.xcconfig"; path = "Target Support Files/Pods-Adam_20190709_U17Tests/Pods-Adam_20190709_U17Tests.release.xcconfig"; sourceTree = "<group>"; };
		F29C9482367EED4D0790F472 /* Pods-Adam_20190709_U17UITests.debug.xcconfig */ = {isa = PBXFileReference; includeInIndex = 1; lastKnownFileType = text.xcconfig; name = "Pods-Adam_20190709_U17UITests.debug.xcconfig"; path = "Target Support Files/Pods-Adam_20190709_U17UITests/Pods-Adam_20190709_U17UITests.debug.xcconfig"; sourceTree = "<group>"; };
/* End PBXFileReference section */

/* Begin PBXFrameworksBuildPhase section */
		7AB97F5F22D464610079013B /* Frameworks */ = {
			isa = PBXFrameworksBuildPhase;
			buildActionMask = 2147483647;
			files = (
				BCCABD8B10150A42309FFDFA /* Pods_Adam_20190709_U17.framework in Frameworks */,
			);
			runOnlyForDeploymentPostprocessing = 0;
		};
		7AB97F7622D464630079013B /* Frameworks */ = {
			isa = PBXFrameworksBuildPhase;
			buildActionMask = 2147483647;
			files = (
				96E433C6E8CF915C140DD95E /* Pods_Adam_20190709_U17Tests.framework in Frameworks */,
			);
			runOnlyForDeploymentPostprocessing = 0;
		};
		7AB97F8122D464630079013B /* Frameworks */ = {
			isa = PBXFrameworksBuildPhase;
			buildActionMask = 2147483647;
			files = (
				362985102AEAA7189DE95D7C /* Pods_Adam_20190709_U17UITests.framework in Frameworks */,
			);
			runOnlyForDeploymentPostprocessing = 0;
		};
/* End PBXFrameworksBuildPhase section */

/* Begin PBXGroup section */
		25326A937A5C2D2F0E9C9585 /* Pods */ = {
			isa = PBXGroup;
			children = (
				020F4B0C8AFEB4A089C7844E /* Pods-Adam_20190709_U17.debug.xcconfig */,
				E6E7B6495F8B7A0FE0E40CDA /* Pods-Adam_20190709_U17.release.xcconfig */,
				AB52CB99CCE87CD778A292CD /* Pods-Adam_20190709_U17Tests.debug.xcconfig */,
				F1DD670A025CD5B6100FE2C9 /* Pods-Adam_20190709_U17Tests.release.xcconfig */,
				F29C9482367EED4D0790F472 /* Pods-Adam_20190709_U17UITests.debug.xcconfig */,
				AD091536EA300B5F8580F684 /* Pods-Adam_20190709_U17UITests.release.xcconfig */,
			);
			path = Pods;
			sourceTree = "<group>";
		};
		77CA6DFE07687722D65BE898 /* Frameworks */ = {
			isa = PBXGroup;
			children = (
				5C097D29720AE99E77C669F9 /* Pods_Adam_20190709_U17.framework */,
				0AE49871A452F8A3485BE17C /* Pods_Adam_20190709_U17Tests.framework */,
				67E2974069FEE9E0948044E0 /* Pods_Adam_20190709_U17UITests.framework */,
			);
			name = Frameworks;
			sourceTree = "<group>";
		};
		7AB97F5922D464610079013B = {
			isa = PBXGroup;
			children = (
				7AB97F6422D464610079013B /* Adam_20190709_U17 */,
				7AB97F7C22D464630079013B /* Adam_20190709_U17Tests */,
				7AB97F8722D464630079013B /* Adam_20190709_U17UITests */,
				7AB97F6322D464610079013B /* Products */,
				25326A937A5C2D2F0E9C9585 /* Pods */,
				77CA6DFE07687722D65BE898 /* Frameworks */,
			);
			sourceTree = "<group>";
		};
		7AB97F6322D464610079013B /* Products */ = {
			isa = PBXGroup;
			children = (
				7AB97F6222D464610079013B /* Adam_20190709_U17.app */,
				7AB97F7922D464630079013B /* Adam_20190709_U17Tests.xctest */,
				7AB97F8422D464630079013B /* Adam_20190709_U17UITests.xctest */,
			);
			name = Products;
			sourceTree = "<group>";
		};
		7AB97F6422D464610079013B /* Adam_20190709_U17 */ = {
			isa = PBXGroup;
			children = (
				7AB97F9922D467400079013B /* API */,
				7AB97FA022D4675A0079013B /* Component */,
				7AB97FA322D4675A0079013B /* Model */,
				7AB97FA722D4675B0079013B /* Extension */,
				7AB97F9C22D4675A0079013B /* Model */,
				7AB97F9D22D4675A0079013B /* Procedure */,
				7AB97F9622D464740079013B /* Resourse */,
			);
			path = Adam_20190709_U17;
			sourceTree = "<group>";
		};
		7AB97F7C22D464630079013B /* Adam_20190709_U17Tests */ = {
			isa = PBXGroup;
			children = (
				7AB97F7D22D464630079013B /* Adam_20190709_U17Tests.swift */,
				7AB97F7F22D464630079013B /* Info.plist */,
			);
			path = Adam_20190709_U17Tests;
			sourceTree = "<group>";
		};
		7AB97F8722D464630079013B /* Adam_20190709_U17UITests */ = {
			isa = PBXGroup;
			children = (
				7AB97F8822D464630079013B /* Adam_20190709_U17UITests.swift */,
				7AB97F8A22D464630079013B /* Info.plist */,
			);
			path = Adam_20190709_U17UITests;
			sourceTree = "<group>";
		};
		7AB97F9622D464740079013B /* Resourse */ = {
			isa = PBXGroup;
			children = (
				7AB97F6522D464610079013B /* AppDelegate.swift */,
				7AB97F6722D464610079013B /* ViewController.swift */,
				7AB97F6922D464610079013B /* Main.storyboard */,
				7AB97F6F22D464630079013B /* Assets.xcassets */,
				7AB97F7122D464630079013B /* LaunchScreen.storyboard */,
				7AB97F7422D464630079013B /* Info.plist */,
				7AB97F6C22D464610079013B /* Adam_20190709_U17.xcdatamodeld */,
			);
			path = Resourse;
			sourceTree = "<group>";
		};
		7AB97F9922D467400079013B /* API */ = {
			isa = PBXGroup;
			children = (
				7AB97F9A22D467400079013B /* HYAPI.swift */,
			);
			path = API;
			sourceTree = "<group>";
		};
		7AB97F9C22D4675A0079013B /* Model */ = {
			isa = PBXGroup;
			children = (
			);
			path = Model;
			sourceTree = "<group>";
		};
		7AB97F9D22D4675A0079013B /* Procedure */ = {
			isa = PBXGroup;
			children = (
				7AB97F9E22D4675A0079013B /* Global.swift */,
			);
			path = Procedure;
			sourceTree = "<group>";
		};
		7AB97FA022D4675A0079013B /* Component */ = {
			isa = PBXGroup;
			children = (
				7AB97FCB22D5D34B0079013B /* ParallaxHeader */,
				7AB97FC722D5CC0E0079013B /* EmptyDataSet */,
				7AB97FC422D5C71C0079013B /* Refresh */,
				7AB97FBF22D46A160079013B /* CollectionViewLayout */,
				7AB97FA122D4675A0079013B /* HairPowder */,
				7AB97FA522D4675A0079013B /* NoticeBar */,
			);
			path = Component;
			sourceTree = "<group>";
		};
		7AB97FA122D4675A0079013B /* HairPowder */ = {
			isa = PBXGroup;
			children = (
				7AB97FA222D4675A0079013B /* UHairPowder.swift */,
			);
			path = HairPowder;
			sourceTree = "<group>";
		};
		7AB97FA322D4675A0079013B /* Model */ = {
			isa = PBXGroup;
			children = (
				7AB97FA422D4675A0079013B /* UModel.swift */,
			);
			name = Model;
			path = Component/Model;
			sourceTree = "<group>";
		};
		7AB97FA522D4675A0079013B /* NoticeBar */ = {
			isa = PBXGroup;
			children = (
				7AB97FA622D4675A0079013B /* UNoticeBar.swift */,
			);
			path = NoticeBar;
			sourceTree = "<group>";
		};
		7AB97FA722D4675B0079013B /* Extension */ = {
			isa = PBXGroup;
			children = (
				7AB97FA822D4675B0079013B /* ArrayExtensions.swift */,
				7AB97FA922D4675B0079013B /* UIColorExtension.swift */,
				7AB97FAA22D4675B0079013B /* UIViewExtension.swift */,
				7AB97FAB22D4675B0079013B /* UIBarButtonItemExtension.swift */,
				7AB97FAC22D4675B0079013B /* UIDeviceExtension.swift */,
				7AB97FAD22D4675B0079013B /* UIImageExtensions.swift */,
				7AB97FAE22D4675B0079013B /* DispatchQueueExtension.swift */,
				7AB97FAF22D4675B0079013B /* StringExtension.swift */,
				7AB97FB022D4675B0079013B /* DictionaryExtension.swift */,
			);
			path = Extension;
			sourceTree = "<group>";
		};
		7AB97FBF22D46A160079013B /* CollectionViewLayout */ = {
			isa = PBXGroup;
			children = (
				7AB97FC022D46A5C0079013B /* UCollectionViewAlignedLayout.swift */,
				7AB97FC222D480B70079013B /* UCollectionViewSectionBackgroundLayoutLayout.swift */,
			);
			path = CollectionViewLayout;
			sourceTree = "<group>";
		};
		7AB97FC422D5C71C0079013B /* Refresh */ = {
			isa = PBXGroup;
			children = (
				7AB97FC522D5C72D0079013B /* URefresh.swift */,
			);
			path = Refresh;
			sourceTree = "<group>";
		};
		7AB97FC722D5CC0E0079013B /* EmptyDataSet */ = {
			isa = PBXGroup;
			children = (
				7AB97FC822D5CC170079013B /* UEmptyDataSet.swift */,
			);
			path = EmptyDataSet;
			sourceTree = "<group>";
		};
		7AB97FCB22D5D34B0079013B /* ParallaxHeader */ = {
			isa = PBXGroup;
			children = (
				7AB97FCC22D5D36C0079013B /* ParallaxHeaderMode.swift */,
				7AB97FCE22D5D3CE0079013B /* UIScrollView+ParallaxHeader.swift */,
				7AB97FD022D5D4750079013B /* ParallaxHeader.swift */,
			);
			path = ParallaxHeader;
			sourceTree = "<group>";
		};
/* End PBXGroup section */

/* Begin PBXNativeTarget section */
		7AB97F6122D464610079013B /* Adam_20190709_U17 */ = {
			isa = PBXNativeTarget;
			buildConfigurationList = 7AB97F8D22D464630079013B /* Build configuration list for PBXNativeTarget "Adam_20190709_U17" */;
			buildPhases = (
				B0C975897AF46644673A186F /* [CP] Check Pods Manifest.lock */,
				7AB97F5E22D464610079013B /* Sources */,
				7AB97F5F22D464610079013B /* Frameworks */,
				7AB97F6022D464610079013B /* Resources */,
				DE7EA6C44DC07BDB18C9FB0E /* [CP] Embed Pods Frameworks */,
			);
			buildRules = (
			);
			dependencies = (
			);
			name = Adam_20190709_U17;
			productName = Adam_20190709_U17;
			productReference = 7AB97F6222D464610079013B /* Adam_20190709_U17.app */;
			productType = "com.apple.product-type.application";
		};
		7AB97F7822D464630079013B /* Adam_20190709_U17Tests */ = {
			isa = PBXNativeTarget;
			buildConfigurationList = 7AB97F9022D464630079013B /* Build configuration list for PBXNativeTarget "Adam_20190709_U17Tests" */;
			buildPhases = (
				4EA3F71BCDDEB9CE46EEB264 /* [CP] Check Pods Manifest.lock */,
				7AB97F7522D464630079013B /* Sources */,
				7AB97F7622D464630079013B /* Frameworks */,
				7AB97F7722D464630079013B /* Resources */,
			);
			buildRules = (
			);
			dependencies = (
				7AB97F7B22D464630079013B /* PBXTargetDependency */,
			);
			name = Adam_20190709_U17Tests;
			productName = Adam_20190709_U17Tests;
			productReference = 7AB97F7922D464630079013B /* Adam_20190709_U17Tests.xctest */;
			productType = "com.apple.product-type.bundle.unit-test";
		};
		7AB97F8322D464630079013B /* Adam_20190709_U17UITests */ = {
			isa = PBXNativeTarget;
			buildConfigurationList = 7AB97F9322D464630079013B /* Build configuration list for PBXNativeTarget "Adam_20190709_U17UITests" */;
			buildPhases = (
				DC737683BFBC8D77E91A362F /* [CP] Check Pods Manifest.lock */,
				7AB97F8022D464630079013B /* Sources */,
				7AB97F8122D464630079013B /* Frameworks */,
				7AB97F8222D464630079013B /* Resources */,
			);
			buildRules = (
			);
			dependencies = (
				7AB97F8622D464630079013B /* PBXTargetDependency */,
			);
			name = Adam_20190709_U17UITests;
			productName = Adam_20190709_U17UITests;
			productReference = 7AB97F8422D464630079013B /* Adam_20190709_U17UITests.xctest */;
			productType = "com.apple.product-type.bundle.ui-testing";
		};
/* End PBXNativeTarget section */

/* Begin PBXProject section */
		7AB97F5A22D464610079013B /* Project object */ = {
			isa = PBXProject;
			attributes = {
				LastSwiftUpdateCheck = 1020;
				LastUpgradeCheck = 1020;
				ORGANIZATIONNAME = Adonis_HongYang;
				TargetAttributes = {
					7AB97F6122D464610079013B = {
						CreatedOnToolsVersion = 10.2.1;
					};
					7AB97F7822D464630079013B = {
						CreatedOnToolsVersion = 10.2.1;
						TestTargetID = 7AB97F6122D464610079013B;
					};
					7AB97F8322D464630079013B = {
						CreatedOnToolsVersion = 10.2.1;
						TestTargetID = 7AB97F6122D464610079013B;
					};
				};
			};
			buildConfigurationList = 7AB97F5D22D464610079013B /* Build configuration list for PBXProject "Adam_20190709_U17" */;
			compatibilityVersion = "Xcode 9.3";
			developmentRegion = en;
			hasScannedForEncodings = 0;
			knownRegions = (
				en,
				Base,
			);
			mainGroup = 7AB97F5922D464610079013B;
			productRefGroup = 7AB97F6322D464610079013B /* Products */;
			projectDirPath = "";
			projectRoot = "";
			targets = (
				7AB97F6122D464610079013B /* Adam_20190709_U17 */,
				7AB97F7822D464630079013B /* Adam_20190709_U17Tests */,
				7AB97F8322D464630079013B /* Adam_20190709_U17UITests */,
			);
		};
/* End PBXProject section */

/* Begin PBXResourcesBuildPhase section */
		7AB97F6022D464610079013B /* Resources */ = {
			isa = PBXResourcesBuildPhase;
			buildActionMask = 2147483647;
			files = (
				7AB97F7322D464630079013B /* LaunchScreen.storyboard in Resources */,
				7AB97F7022D464630079013B /* Assets.xcassets in Resources */,
				7AB97F6B22D464610079013B /* Main.storyboard in Resources */,
			);
			runOnlyForDeploymentPostprocessing = 0;
		};
		7AB97F7722D464630079013B /* Resources */ = {
			isa = PBXResourcesBuildPhase;
			buildActionMask = 2147483647;
			files = (
			);
			runOnlyForDeploymentPostprocessing = 0;
		};
		7AB97F8222D464630079013B /* Resources */ = {
			isa = PBXResourcesBuildPhase;
			buildActionMask = 2147483647;
			files = (
			);
			runOnlyForDeploymentPostprocessing = 0;
		};
/* End PBXResourcesBuildPhase section */

/* Begin PBXShellScriptBuildPhase section */
		4EA3F71BCDDEB9CE46EEB264 /* [CP] Check Pods Manifest.lock */ = {
			isa = PBXShellScriptBuildPhase;
			buildActionMask = 2147483647;
			files = (
			);
			inputFileListPaths = (
			);
			inputPaths = (
				"${PODS_PODFILE_DIR_PATH}/Podfile.lock",
				"${PODS_ROOT}/Manifest.lock",
			);
			name = "[CP] Check Pods Manifest.lock";
			outputFileListPaths = (
			);
			outputPaths = (
				"$(DERIVED_FILE_DIR)/Pods-Adam_20190709_U17Tests-checkManifestLockResult.txt",
			);
			runOnlyForDeploymentPostprocessing = 0;
			shellPath = /bin/sh;
			shellScript = "diff \"${PODS_PODFILE_DIR_PATH}/Podfile.lock\" \"${PODS_ROOT}/Manifest.lock\" > /dev/null\nif [ $? != 0 ] ; then\n    # print error to STDERR\n    echo \"error: The sandbox is not in sync with the Podfile.lock. Run 'pod install' or update your CocoaPods installation.\" >&2\n    exit 1\nfi\n# This output is used by Xcode 'outputs' to avoid re-running this script phase.\necho \"SUCCESS\" > \"${SCRIPT_OUTPUT_FILE_0}\"\n";
			showEnvVarsInLog = 0;
		};
		B0C975897AF46644673A186F /* [CP] Check Pods Manifest.lock */ = {
			isa = PBXShellScriptBuildPhase;
			buildActionMask = 2147483647;
			files = (
			);
			inputFileListPaths = (
			);
			inputPaths = (
				"${PODS_PODFILE_DIR_PATH}/Podfile.lock",
				"${PODS_ROOT}/Manifest.lock",
			);
			name = "[CP] Check Pods Manifest.lock";
			outputFileListPaths = (
			);
			outputPaths = (
				"$(DERIVED_FILE_DIR)/Pods-Adam_20190709_U17-checkManifestLockResult.txt",
			);
			runOnlyForDeploymentPostprocessing = 0;
			shellPath = /bin/sh;
			shellScript = "diff \"${PODS_PODFILE_DIR_PATH}/Podfile.lock\" \"${PODS_ROOT}/Manifest.lock\" > /dev/null\nif [ $? != 0 ] ; then\n    # print error to STDERR\n    echo \"error: The sandbox is not in sync with the Podfile.lock. Run 'pod install' or update your CocoaPods installation.\" >&2\n    exit 1\nfi\n# This output is used by Xcode 'outputs' to avoid re-running this script phase.\necho \"SUCCESS\" > \"${SCRIPT_OUTPUT_FILE_0}\"\n";
			showEnvVarsInLog = 0;
		};
		DC737683BFBC8D77E91A362F /* [CP] Check Pods Manifest.lock */ = {
			isa = PBXShellScriptBuildPhase;
			buildActionMask = 2147483647;
			files = (
			);
			inputFileListPaths = (
			);
			inputPaths = (
				"${PODS_PODFILE_DIR_PATH}/Podfile.lock",
				"${PODS_ROOT}/Manifest.lock",
			);
			name = "[CP] Check Pods Manifest.lock";
			outputFileListPaths = (
			);
			outputPaths = (
				"$(DERIVED_FILE_DIR)/Pods-Adam_20190709_U17UITests-checkManifestLockResult.txt",
			);
			runOnlyForDeploymentPostprocessing = 0;
			shellPath = /bin/sh;
			shellScript = "diff \"${PODS_PODFILE_DIR_PATH}/Podfile.lock\" \"${PODS_ROOT}/Manifest.lock\" > /dev/null\nif [ $? != 0 ] ; then\n    # print error to STDERR\n    echo \"error: The sandbox is not in sync with the Podfile.lock. Run 'pod install' or update your CocoaPods installation.\" >&2\n    exit 1\nfi\n# This output is used by Xcode 'outputs' to avoid re-running this script phase.\necho \"SUCCESS\" > \"${SCRIPT_OUTPUT_FILE_0}\"\n";
			showEnvVarsInLog = 0;
		};
		DE7EA6C44DC07BDB18C9FB0E /* [CP] Embed Pods Frameworks */ = {
			isa = PBXShellScriptBuildPhase;
			buildActionMask = 2147483647;
			files = (
			);
			inputFileListPaths = (
				"${PODS_ROOT}/Target Support Files/Pods-Adam_20190709_U17/Pods-Adam_20190709_U17-frameworks-${CONFIGURATION}-input-files.xcfilelist",
			);
			name = "[CP] Embed Pods Frameworks";
			outputFileListPaths = (
				"${PODS_ROOT}/Target Support Files/Pods-Adam_20190709_U17/Pods-Adam_20190709_U17-frameworks-${CONFIGURATION}-output-files.xcfilelist",
			);
			runOnlyForDeploymentPostprocessing = 0;
			shellPath = /bin/sh;
			shellScript = "\"${PODS_ROOT}/Target Support Files/Pods-Adam_20190709_U17/Pods-Adam_20190709_U17-frameworks.sh\"\n";
			showEnvVarsInLog = 0;
		};
/* End PBXShellScriptBuildPhase section */

/* Begin PBXSourcesBuildPhase section */
		7AB97F5E22D464610079013B /* Sources */ = {
			isa = PBXSourcesBuildPhase;
			buildActionMask = 2147483647;
			files = (
				7AB97FB622D4675B0079013B /* ArrayExtensions.swift in Sources */,
				7AB97FC322D480B70079013B /* UCollectionViewSectionBackgroundLayoutLayout.swift in Sources */,
				7AB97FB322D4675B0079013B /* UHairPowder.swift in Sources */,
				7AB97FCF22D5D3CE0079013B /* UIScrollView+ParallaxHeader.swift in Sources */,
				7AB97F6822D464610079013B /* ViewController.swift in Sources */,
				7AB97FC122D46A5C0079013B /* UCollectionViewAlignedLayout.swift in Sources */,
				7AB97F9B22D467400079013B /* HYAPI.swift in Sources */,
				7AB97F6E22D464610079013B /* Adam_20190709_U17.xcdatamodeld in Sources */,
				7AB97FB922D4675B0079013B /* UIBarButtonItemExtension.swift in Sources */,
				7AB97FB822D4675B0079013B /* UIViewExtension.swift in Sources */,
				7AB97FBD22D4675B0079013B /* StringExtension.swift in Sources */,
				7AB97FBE22D4675B0079013B /* DictionaryExtension.swift in Sources */,
				7AB97FB522D4675B0079013B /* UNoticeBar.swift in Sources */,
				7AB97FBC22D4675B0079013B /* DispatchQueueExtension.swift in Sources */,
				7AB97FC622D5C72D0079013B /* URefresh.swift in Sources */,
				7AB97FB422D4675B0079013B /* UModel.swift in Sources */,
				7AB97FB722D4675B0079013B /* UIColorExtension.swift in Sources */,
				7AB97FC922D5CC170079013B /* UEmptyDataSet.swift in Sources */,
				7AB97FBA22D4675B0079013B /* UIDeviceExtension.swift in Sources */,
				7AB97FCD22D5D36C0079013B /* ParallaxHeaderMode.swift in Sources */,
				7AB97FBB22D4675B0079013B /* UIImageExtensions.swift in Sources */,
				7AB97FD122D5D4750079013B /* ParallaxHeader.swift in Sources */,
				7AB97FB122D4675B0079013B /* Global.swift in Sources */,
				7AB97F6622D464610079013B /* AppDelegate.swift in Sources */,
			);
			runOnlyForDeploymentPostprocessing = 0;
		};
		7AB97F7522D464630079013B /* Sources */ = {
			isa = PBXSourcesBuildPhase;
			buildActionMask = 2147483647;
			files = (
				7AB97F7E22D464630079013B /* Adam_20190709_U17Tests.swift in Sources */,
			);
			runOnlyForDeploymentPostprocessing = 0;
		};
		7AB97F8022D464630079013B /* Sources */ = {
			isa = PBXSourcesBuildPhase;
			buildActionMask = 2147483647;
			files = (
				7AB97F8922D464630079013B /* Adam_20190709_U17UITests.swift in Sources */,
			);
			runOnlyForDeploymentPostprocessing = 0;
		};
/* End PBXSourcesBuildPhase section */

/* Begin PBXTargetDependency section */
		7AB97F7B22D464630079013B /* PBXTargetDependency */ = {
			isa = PBXTargetDependency;
			target = 7AB97F6122D464610079013B /* Adam_20190709_U17 */;
			targetProxy = 7AB97F7A22D464630079013B /* PBXContainerItemProxy */;
		};
		7AB97F8622D464630079013B /* PBXTargetDependency */ = {
			isa = PBXTargetDependency;
			target = 7AB97F6122D464610079013B /* Adam_20190709_U17 */;
			targetProxy = 7AB97F8522D464630079013B /* PBXContainerItemProxy */;
		};
/* End PBXTargetDependency section */

/* Begin PBXVariantGroup section */
		7AB97F6922D464610079013B /* Main.storyboard */ = {
			isa = PBXVariantGroup;
			children = (
				7AB97F6A22D464610079013B /* Base */,
			);
			name = Main.storyboard;
			sourceTree = "<group>";
		};
		7AB97F7122D464630079013B /* LaunchScreen.storyboard */ = {
			isa = PBXVariantGroup;
			children = (
				7AB97F7222D464630079013B /* Base */,
			);
			name = LaunchScreen.storyboard;
			sourceTree = "<group>";
		};
/* End PBXVariantGroup section */

/* Begin XCBuildConfiguration section */
		7AB97F8B22D464630079013B /* Debug */ = {
			isa = XCBuildConfiguration;
			buildSettings = {
				ALWAYS_SEARCH_USER_PATHS = NO;
				CLANG_ANALYZER_NONNULL = YES;
				CLANG_ANALYZER_NUMBER_OBJECT_CONVERSION = YES_AGGRESSIVE;
				CLANG_CXX_LANGUAGE_STANDARD = "gnu++14";
				CLANG_CXX_LIBRARY = "libc++";
				CLANG_ENABLE_MODULES = YES;
				CLANG_ENABLE_OBJC_ARC = YES;
				CLANG_ENABLE_OBJC_WEAK = YES;
				CLANG_WARN_BLOCK_CAPTURE_AUTORELEASING = YES;
				CLANG_WARN_BOOL_CONVERSION = YES;
				CLANG_WARN_COMMA = YES;
				CLANG_WARN_CONSTANT_CONVERSION = YES;
				CLANG_WARN_DEPRECATED_OBJC_IMPLEMENTATIONS = YES;
				CLANG_WARN_DIRECT_OBJC_ISA_USAGE = YES_ERROR;
				CLANG_WARN_DOCUMENTATION_COMMENTS = YES;
				CLANG_WARN_EMPTY_BODY = YES;
				CLANG_WARN_ENUM_CONVERSION = YES;
				CLANG_WARN_INFINITE_RECURSION = YES;
				CLANG_WARN_INT_CONVERSION = YES;
				CLANG_WARN_NON_LITERAL_NULL_CONVERSION = YES;
				CLANG_WARN_OBJC_IMPLICIT_RETAIN_SELF = YES;
				CLANG_WARN_OBJC_LITERAL_CONVERSION = YES;
				CLANG_WARN_OBJC_ROOT_CLASS = YES_ERROR;
				CLANG_WARN_RANGE_LOOP_ANALYSIS = YES;
				CLANG_WARN_STRICT_PROTOTYPES = YES;
				CLANG_WARN_SUSPICIOUS_MOVE = YES;
				CLANG_WARN_UNGUARDED_AVAILABILITY = YES_AGGRESSIVE;
				CLANG_WARN_UNREACHABLE_CODE = YES;
				CLANG_WARN__DUPLICATE_METHOD_MATCH = YES;
				CODE_SIGN_IDENTITY = "iPhone Developer";
				COPY_PHASE_STRIP = NO;
				DEBUG_INFORMATION_FORMAT = dwarf;
				ENABLE_STRICT_OBJC_MSGSEND = YES;
				ENABLE_TESTABILITY = YES;
				GCC_C_LANGUAGE_STANDARD = gnu11;
				GCC_DYNAMIC_NO_PIC = NO;
				GCC_NO_COMMON_BLOCKS = YES;
				GCC_OPTIMIZATION_LEVEL = 0;
				GCC_PREPROCESSOR_DEFINITIONS = (
					"DEBUG=1",
					"$(inherited)",
				);
				GCC_WARN_64_TO_32_BIT_CONVERSION = YES;
				GCC_WARN_ABOUT_RETURN_TYPE = YES_ERROR;
				GCC_WARN_UNDECLARED_SELECTOR = YES;
				GCC_WARN_UNINITIALIZED_AUTOS = YES_AGGRESSIVE;
				GCC_WARN_UNUSED_FUNCTION = YES;
				GCC_WARN_UNUSED_VARIABLE = YES;
				IPHONEOS_DEPLOYMENT_TARGET = 12.2;
				MTL_ENABLE_DEBUG_INFO = INCLUDE_SOURCE;
				MTL_FAST_MATH = YES;
				ONLY_ACTIVE_ARCH = YES;
				SDKROOT = iphoneos;
				SWIFT_ACTIVE_COMPILATION_CONDITIONS = DEBUG;
				SWIFT_OPTIMIZATION_LEVEL = "-Onone";
			};
			name = Debug;
		};
		7AB97F8C22D464630079013B /* Release */ = {
			isa = XCBuildConfiguration;
			buildSettings = {
				ALWAYS_SEARCH_USER_PATHS = NO;
				CLANG_ANALYZER_NONNULL = YES;
				CLANG_ANALYZER_NUMBER_OBJECT_CONVERSION = YES_AGGRESSIVE;
				CLANG_CXX_LANGUAGE_STANDARD = "gnu++14";
				CLANG_CXX_LIBRARY = "libc++";
				CLANG_ENABLE_MODULES = YES;
				CLANG_ENABLE_OBJC_ARC = YES;
				CLANG_ENABLE_OBJC_WEAK = YES;
				CLANG_WARN_BLOCK_CAPTURE_AUTORELEASING = YES;
				CLANG_WARN_BOOL_CONVERSION = YES;
				CLANG_WARN_COMMA = YES;
				CLANG_WARN_CONSTANT_CONVERSION = YES;
				CLANG_WARN_DEPRECATED_OBJC_IMPLEMENTATIONS = YES;
				CLANG_WARN_DIRECT_OBJC_ISA_USAGE = YES_ERROR;
				CLANG_WARN_DOCUMENTATION_COMMENTS = YES;
				CLANG_WARN_EMPTY_BODY = YES;
				CLANG_WARN_ENUM_CONVERSION = YES;
				CLANG_WARN_INFINITE_RECURSION = YES;
				CLANG_WARN_INT_CONVERSION = YES;
				CLANG_WARN_NON_LITERAL_NULL_CONVERSION = YES;
				CLANG_WARN_OBJC_IMPLICIT_RETAIN_SELF = YES;
				CLANG_WARN_OBJC_LITERAL_CONVERSION = YES;
				CLANG_WARN_OBJC_ROOT_CLASS = YES_ERROR;
				CLANG_WARN_RANGE_LOOP_ANALYSIS = YES;
				CLANG_WARN_STRICT_PROTOTYPES = YES;
				CLANG_WARN_SUSPICIOUS_MOVE = YES;
				CLANG_WARN_UNGUARDED_AVAILABILITY = YES_AGGRESSIVE;
				CLANG_WARN_UNREACHABLE_CODE = YES;
				CLANG_WARN__DUPLICATE_METHOD_MATCH = YES;
				CODE_SIGN_IDENTITY = "iPhone Developer";
				COPY_PHASE_STRIP = NO;
				DEBUG_INFORMATION_FORMAT = "dwarf-with-dsym";
				ENABLE_NS_ASSERTIONS = NO;
				ENABLE_STRICT_OBJC_MSGSEND = YES;
				GCC_C_LANGUAGE_STANDARD = gnu11;
				GCC_NO_COMMON_BLOCKS = YES;
				GCC_WARN_64_TO_32_BIT_CONVERSION = YES;
				GCC_WARN_ABOUT_RETURN_TYPE = YES_ERROR;
				GCC_WARN_UNDECLARED_SELECTOR = YES;
				GCC_WARN_UNINITIALIZED_AUTOS = YES_AGGRESSIVE;
				GCC_WARN_UNUSED_FUNCTION = YES;
				GCC_WARN_UNUSED_VARIABLE = YES;
				IPHONEOS_DEPLOYMENT_TARGET = 12.2;
				MTL_ENABLE_DEBUG_INFO = NO;
				MTL_FAST_MATH = YES;
				SDKROOT = iphoneos;
				SWIFT_COMPILATION_MODE = wholemodule;
				SWIFT_OPTIMIZATION_LEVEL = "-O";
				VALIDATE_PRODUCT = YES;
			};
			name = Release;
		};
		7AB97F8E22D464630079013B /* Debug */ = {
			isa = XCBuildConfiguration;
			baseConfigurationReference = 020F4B0C8AFEB4A089C7844E /* Pods-Adam_20190709_U17.debug.xcconfig */;
			buildSettings = {
				ASSETCATALOG_COMPILER_APPICON_NAME = AppIcon;
				CODE_SIGN_STYLE = Automatic;
				DEVELOPMENT_TEAM = N2KQ965WEJ;
				INFOPLIST_FILE = "$(SRCROOT)/Adam_20190709_U17/Resourse/Info.plist";
				LD_RUNPATH_SEARCH_PATHS = (
					"$(inherited)",
					"@executable_path/Frameworks",
				);
				PRODUCT_BUNDLE_IDENTIFIER = "Nikoyo.Adam-20190709-U17";
				PRODUCT_NAME = "$(TARGET_NAME)";
				SWIFT_VERSION = 5.0;
				TARGETED_DEVICE_FAMILY = "1,2";
			};
			name = Debug;
		};
		7AB97F8F22D464630079013B /* Release */ = {
			isa = XCBuildConfiguration;
			baseConfigurationReference = E6E7B6495F8B7A0FE0E40CDA /* Pods-Adam_20190709_U17.release.xcconfig */;
			buildSettings = {
				ASSETCATALOG_COMPILER_APPICON_NAME = AppIcon;
				CODE_SIGN_STYLE = Automatic;
				DEVELOPMENT_TEAM = N2KQ965WEJ;
				INFOPLIST_FILE = "$(SRCROOT)/Adam_20190709_U17/Resourse/Info.plist";
				LD_RUNPATH_SEARCH_PATHS = (
					"$(inherited)",
					"@executable_path/Frameworks",
				);
				PRODUCT_BUNDLE_IDENTIFIER = "Nikoyo.Adam-20190709-U17";
				PRODUCT_NAME = "$(TARGET_NAME)";
				SWIFT_VERSION = 5.0;
				TARGETED_DEVICE_FAMILY = "1,2";
			};
			name = Release;
		};
		7AB97F9122D464630079013B /* Debug */ = {
			isa = XCBuildConfiguration;
			baseConfigurationReference = AB52CB99CCE87CD778A292CD /* Pods-Adam_20190709_U17Tests.debug.xcconfig */;
			buildSettings = {
				ALWAYS_EMBED_SWIFT_STANDARD_LIBRARIES = YES;
				BUNDLE_LOADER = "$(TEST_HOST)";
				CODE_SIGN_STYLE = Automatic;
				DEVELOPMENT_TEAM = N2KQ965WEJ;
				INFOPLIST_FILE = Adam_20190709_U17Tests/Info.plist;
				LD_RUNPATH_SEARCH_PATHS = (
					"$(inherited)",
					"@executable_path/Frameworks",
					"@loader_path/Frameworks",
				);
				PRODUCT_BUNDLE_IDENTIFIER = "Nikoyo.Adam-20190709-U17Tests";
				PRODUCT_NAME = "$(TARGET_NAME)";
				SWIFT_VERSION = 5.0;
				TARGETED_DEVICE_FAMILY = "1,2";
				TEST_HOST = "$(BUILT_PRODUCTS_DIR)/Adam_20190709_U17.app/Adam_20190709_U17";
			};
			name = Debug;
		};
		7AB97F9222D464630079013B /* Release */ = {
			isa = XCBuildConfiguration;
			baseConfigurationReference = F1DD670A025CD5B6100FE2C9 /* Pods-Adam_20190709_U17Tests.release.xcconfig */;
			buildSettings = {
				ALWAYS_EMBED_SWIFT_STANDARD_LIBRARIES = YES;
				BUNDLE_LOADER = "$(TEST_HOST)";
				CODE_SIGN_STYLE = Automatic;
				DEVELOPMENT_TEAM = N2KQ965WEJ;
				INFOPLIST_FILE = Adam_20190709_U17Tests/Info.plist;
				LD_RUNPATH_SEARCH_PATHS = (
					"$(inherited)",
					"@executable_path/Frameworks",
					"@loader_path/Frameworks",
				);
				PRODUCT_BUNDLE_IDENTIFIER = "Nikoyo.Adam-20190709-U17Tests";
				PRODUCT_NAME = "$(TARGET_NAME)";
				SWIFT_VERSION = 5.0;
				TARGETED_DEVICE_FAMILY = "1,2";
				TEST_HOST = "$(BUILT_PRODUCTS_DIR)/Adam_20190709_U17.app/Adam_20190709_U17";
			};
			name = Release;
		};
		7AB97F9422D464630079013B /* Debug */ = {
			isa = XCBuildConfiguration;
			baseConfigurationReference = F29C9482367EED4D0790F472 /* Pods-Adam_20190709_U17UITests.debug.xcconfig */;
			buildSettings = {
				ALWAYS_EMBED_SWIFT_STANDARD_LIBRARIES = YES;
				CODE_SIGN_STYLE = Automatic;
				DEVELOPMENT_TEAM = N2KQ965WEJ;
				INFOPLIST_FILE = Adam_20190709_U17UITests/Info.plist;
				LD_RUNPATH_SEARCH_PATHS = (
					"$(inherited)",
					"@executable_path/Frameworks",
					"@loader_path/Frameworks",
				);
				PRODUCT_BUNDLE_IDENTIFIER = "Nikoyo.Adam-20190709-U17UITests";
				PRODUCT_NAME = "$(TARGET_NAME)";
				SWIFT_VERSION = 5.0;
				TARGETED_DEVICE_FAMILY = "1,2";
				TEST_TARGET_NAME = Adam_20190709_U17;
			};
			name = Debug;
		};
		7AB97F9522D464630079013B /* Release */ = {
			isa = XCBuildConfiguration;
			baseConfigurationReference = AD091536EA300B5F8580F684 /* Pods-Adam_20190709_U17UITests.release.xcconfig */;
			buildSettings = {
				ALWAYS_EMBED_SWIFT_STANDARD_LIBRARIES = YES;
				CODE_SIGN_STYLE = Automatic;
				DEVELOPMENT_TEAM = N2KQ965WEJ;
				INFOPLIST_FILE = Adam_20190709_U17UITests/Info.plist;
				LD_RUNPATH_SEARCH_PATHS = (
					"$(inherited)",
					"@executable_path/Frameworks",
					"@loader_path/Frameworks",
				);
				PRODUCT_BUNDLE_IDENTIFIER = "Nikoyo.Adam-20190709-U17UITests";
				PRODUCT_NAME = "$(TARGET_NAME)";
				SWIFT_VERSION = 5.0;
				TARGETED_DEVICE_FAMILY = "1,2";
				TEST_TARGET_NAME = Adam_20190709_U17;
			};
			name = Release;
		};
/* End XCBuildConfiguration section */

/* Begin XCConfigurationList section */
		7AB97F5D22D464610079013B /* Build configuration list for PBXProject "Adam_20190709_U17" */ = {
			isa = XCConfigurationList;
			buildConfigurations = (
				7AB97F8B22D464630079013B /* Debug */,
				7AB97F8C22D464630079013B /* Release */,
			);
			defaultConfigurationIsVisible = 0;
			defaultConfigurationName = Release;
		};
		7AB97F8D22D464630079013B /* Build configuration list for PBXNativeTarget "Adam_20190709_U17" */ = {
			isa = XCConfigurationList;
			buildConfigurations = (
				7AB97F8E22D464630079013B /* Debug */,
				7AB97F8F22D464630079013B /* Release */,
			);
			defaultConfigurationIsVisible = 0;
			defaultConfigurationName = Release;
		};
		7AB97F9022D464630079013B /* Build configuration list for PBXNativeTarget "Adam_20190709_U17Tests" */ = {
			isa = XCConfigurationList;
			buildConfigurations = (
				7AB97F9122D464630079013B /* Debug */,
				7AB97F9222D464630079013B /* Release */,
			);
			defaultConfigurationIsVisible = 0;
			defaultConfigurationName = Release;
		};
		7AB97F9322D464630079013B /* Build configuration list for PBXNativeTarget "Adam_20190709_U17UITests" */ = {
			isa = XCConfigurationList;
			buildConfigurations = (
				7AB97F9422D464630079013B /* Debug */,
				7AB97F9522D464630079013B /* Release */,
			);
			defaultConfigurationIsVisible = 0;
			defaultConfigurationName = Release;
		};
/* End XCConfigurationList section */

/* Begin XCVersionGroup section */
		7AB97F6C22D464610079013B /* Adam_20190709_U17.xcdatamodeld */ = {
			isa = XCVersionGroup;
			children = (
				7AB97F6D22D464610079013B /* Adam_20190709_U17.xcdatamodel */,
			);
			currentVersion = 7AB97F6D22D464610079013B /* Adam_20190709_U17.xcdatamodel */;
			path = Adam_20190709_U17.xcdatamodeld;
			sourceTree = "<group>";
			versionGroupType = wrapper.xcdatamodel;
		};
/* End XCVersionGroup section */
	};
	rootObject = 7AB97F5A22D464610079013B /* Project object */;
}
